{
  "version": 4,
  "terraform_version": "1.0.10",
  "serial": 1,
  "lineage": "a4bd1bcb-e9ef-e746-1587-49d8808b3f08",
  "outputs": {},
  "resources": [
    {
      "mode": "managed",
      "type": "launchdarkly_feature_flag",
      "name": "cardshow",
      "provider": "provider[\"registry.terraform.io/launchdarkly/launchdarkly\"]",
      "instances": []
    },
    {
      "mode": "managed",
      "type": "launchdarkly_feature_flag",
      "name": "login",
      "provider": "provider[\"registry.terraform.io/launchdarkly/launchdarkly\"]",
      "instances": []
    },
    {
      "mode": "managed",
      "type": "launchdarkly_feature_flag",
      "name": "logoversion",
      "provider": "provider[\"registry.terraform.io/launchdarkly/launchdarkly\"]",
      "instances": []
    },
    {
      "mode": "managed",
      "type": "launchdarkly_feature_flag",
      "name": "prodHeader",
      "provider": "provider[\"registry.terraform.io/launchdarkly/launchdarkly\"]",
      "instances": []
    },
    {
      "mode": "managed",
      "type": "launchdarkly_feature_flag",
      "name": "qrcode",
      "provider": "provider[\"registry.terraform.io/launchdarkly/launchdarkly\"]",
      "instances": []
    },
    {
      "mode": "managed",
      "type": "launchdarkly_feature_flag",
      "name": "upperimage",
      "provider": "provider[\"registry.terraform.io/launchdarkly/launchdarkly\"]",
      "instances": []
    },
    {
      "mode": "managed",
      "type": "launchdarkly_project",
      "name": "does",
      "provider": "provider[\"registry.terraform.io/launchdarkly/launchdarkly\"]",
      "instances": [
        {
          "status": "tainted",
          "schema_version": 0,
          "attributes": {
            "default_client_side_availability": [
              {
                "using_environment_id": true,
                "using_mobile_key": false
              }
            ],
            "environments": [
              {
                "api_key": "",
                "approval_settings": [],
                "client_side_id": "",
                "color": "7B42BC",
                "confirm_changes": false,
                "default_track_events": false,
                "default_ttl": 0,
                "key": "does1",
                "mobile_key": "",
                "name": "does-1",
                "require_comments": false,
                "secure_mode": false,
                "tags": [
                  "terraform"
                ]
              },
              {
                "api_key": "",
                "approval_settings": [],
                "client_side_id": "",
                "color": "#2ab038",
                "confirm_changes": false,
                "default_track_events": false,
                "default_ttl": 0,
                "key": "does2",
                "mobile_key": "",
                "name": "does-2",
                "require_comments": false,
                "secure_mode": false,
                "tags": [
                  "terraform"
                ]
              }
            ],
            "id": "ld-demo-does",
            "include_in_snippet": null,
            "key": "ld-demo-does",
            "name": "ld-demo-does",
            "tags": [
              "terraform"
            ]
          },
          "sensitive_attributes": [],
          "private": "bnVsbA=="
        }
      ]
    }
  ]
}
